// !$*UTF8*$!
{
	archiveVersion = 1;
	classes = {
	};
	objectVersion = 55;
	objects = {

/* Begin PBXBuildFile section */
		9144A43727B31CCE00AF87A5 /* Realm in Frameworks */ = {isa = PBXBuildFile; productRef = 9144A43627B31CCE00AF87A5 /* Realm */; };
		9144A43927B31CCE00AF87A5 /* RealmSwift in Frameworks */ = {isa = PBXBuildFile; productRef = 9144A43827B31CCE00AF87A5 /* RealmSwift */; };
		91AE985127B2EF8C0030BF26 /* RequirementsAndSpecsApp.swift in Sources */ = {isa = PBXBuildFile; fileRef = 91AE985027B2EF8C0030BF26 /* RequirementsAndSpecsApp.swift */; };
		91AE985527B2EF8F0030BF26 /* Assets.xcassets in Resources */ = {isa = PBXBuildFile; fileRef = 91AE985427B2EF8F0030BF26 /* Assets.xcassets */; };
		91AE985827B2EF8F0030BF26 /* Preview Assets.xcassets in Resources */ = {isa = PBXBuildFile; fileRef = 91AE985727B2EF8F0030BF26 /* Preview Assets.xcassets */; };
		91AE986527B2F1120030BF26 /* RequirementListView.swift in Sources */ = {isa = PBXBuildFile; fileRef = 91AE986027B2F1120030BF26 /* RequirementListView.swift */; };
		91AE986627B2F1120030BF26 /* RequirementDetailView.swift in Sources */ = {isa = PBXBuildFile; fileRef = 91AE986127B2F1120030BF26 /* RequirementDetailView.swift */; };
		91AE986727B2F1120030BF26 /* AddRequirementView.swift in Sources */ = {isa = PBXBuildFile; fileRef = 91AE986227B2F1120030BF26 /* AddRequirementView.swift */; };
		91AE986827B2F1120030BF26 /* AddCommentView.swift in Sources */ = {isa = PBXBuildFile; fileRef = 91AE986327B2F1120030BF26 /* AddCommentView.swift */; };
		91AE986B27B2F13E0030BF26 /* Log.swift in Sources */ = {isa = PBXBuildFile; fileRef = 91AE986A27B2F13E0030BF26 /* Log.swift */; };
		91AE986E27B2F1A80030BF26 /* Constants.swift in Sources */ = {isa = PBXBuildFile; fileRef = 91AE986D27B2F1A80030BF26 /* Constants.swift */; };
		91AE987827B2F36E0030BF26 /* Extensions.swift in Sources */ = {isa = PBXBuildFile; fileRef = 91AE987527B2F36E0030BF26 /* Extensions.swift */; };
		91AE987927B2F36E0030BF26 /* View+Extensions.swift in Sources */ = {isa = PBXBuildFile; fileRef = 91AE987627B2F36E0030BF26 /* View+Extensions.swift */; };
		91AE987A27B2F36E0030BF26 /* Date+Extensions.swift in Sources */ = {isa = PBXBuildFile; fileRef = 91AE987727B2F36E0030BF26 /* Date+Extensions.swift */; };
		91AE987C27B2F4140030BF26 /* RequirementListViewModel.swift in Sources */ = {isa = PBXBuildFile; fileRef = 91AE987B27B2F4140030BF26 /* RequirementListViewModel.swift */; };
		91AE987F27B2F46B0030BF26 /* RequirementDetailViewModel.swift in Sources */ = {isa = PBXBuildFile; fileRef = 91AE987E27B2F46B0030BF26 /* RequirementDetailViewModel.swift */; };
		91AE988127B2F4870030BF26 /* RequirementViewModel.swift in Sources */ = {isa = PBXBuildFile; fileRef = 91AE988027B2F4870030BF26 /* RequirementViewModel.swift */; };
		91AE988327B2F49F0030BF26 /* AddRequirementViewModel.swift in Sources */ = {isa = PBXBuildFile; fileRef = 91AE988227B2F49F0030BF26 /* AddRequirementViewModel.swift */; };
		91AE988527B2F4F50030BF26 /* AddCommentViewModel.swift in Sources */ = {isa = PBXBuildFile; fileRef = 91AE988427B2F4F50030BF26 /* AddCommentViewModel.swift */; };
		91AE988927B2F5230030BF26 /* CommentDetailViewModel.swift in Sources */ = {isa = PBXBuildFile; fileRef = 91AE988827B2F5230030BF26 /* CommentDetailViewModel.swift */; };
		91AE988B27B2F5920030BF26 /* DatabaseManager.swift in Sources */ = {isa = PBXBuildFile; fileRef = 91AE988A27B2F5920030BF26 /* DatabaseManager.swift */; };
		91AE989627B2FC0D0030BF26 /* Requirement.swift in Sources */ = {isa = PBXBuildFile; fileRef = 91AE989527B2FC0D0030BF26 /* Requirement.swift */; };
		91AE989827B2FC2F0030BF26 /* Comment.swift in Sources */ = {isa = PBXBuildFile; fileRef = 91AE989727B2FC2F0030BF26 /* Comment.swift */; };
		91AE989C27B301A60030BF26 /* DatabaseErrorEnum.swift in Sources */ = {isa = PBXBuildFile; fileRef = 91AE989A27B301A60030BF26 /* DatabaseErrorEnum.swift */; };
		91AFFC5527B352FF00E36674 /* RequirementCell.swift in Sources */ = {isa = PBXBuildFile; fileRef = 91AFFC5427B352FF00E36674 /* RequirementCell.swift */; };
		91AFFC5727B4676D00E36674 /* User.swift in Sources */ = {isa = PBXBuildFile; fileRef = 91AFFC5627B4676D00E36674 /* User.swift */; };
		91AFFC5927B4683300E36674 /* UserGroup.swift in Sources */ = {isa = PBXBuildFile; fileRef = 91AFFC5827B4683300E36674 /* UserGroup.swift */; };
		91AFFC5B27B469AC00E36674 /* Test.swift in Sources */ = {isa = PBXBuildFile; fileRef = 91AFFC5A27B469AC00E36674 /* Test.swift */; };
		91AFFC5D27B46A9100E36674 /* Defect.swift in Sources */ = {isa = PBXBuildFile; fileRef = 91AFFC5C27B46A9100E36674 /* Defect.swift */; };
		91AFFC5F27B46C1E00E36674 /* Role.swift in Sources */ = {isa = PBXBuildFile; fileRef = 91AFFC5E27B46C1E00E36674 /* Role.swift */; };
		91AFFC7B27B751A200E36674 /* spotlight120.png in Resources */ = {isa = PBXBuildFile; fileRef = 91AFFC6127B751A200E36674 /* spotlight120.png */; };
		91AFFC7C27B751A200E36674 /* ipad76.png in Resources */ = {isa = PBXBuildFile; fileRef = 91AFFC6227B751A200E36674 /* ipad76.png */; };
		91AFFC7D27B751A200E36674 /* notification40.png in Resources */ = {isa = PBXBuildFile; fileRef = 91AFFC6327B751A200E36674 /* notification40.png */; };
		91AFFC7E27B751A200E36674 /* settings87.png in Resources */ = {isa = PBXBuildFile; fileRef = 91AFFC6427B751A200E36674 /* settings87.png */; };
		91AFFC7F27B751A200E36674 /* spotlight80.png in Resources */ = {isa = PBXBuildFile; fileRef = 91AFFC6527B751A200E36674 /* spotlight80.png */; };
		91AFFC8027B751A200E36674 /* mac16.png in Resources */ = {isa = PBXBuildFile; fileRef = 91AFFC6627B751A200E36674 /* mac16.png */; };
		91AFFC8127B751A200E36674 /* mac64.png in Resources */ = {isa = PBXBuildFile; fileRef = 91AFFC6727B751A200E36674 /* mac64.png */; };
		91AFFC8227B751A200E36674 /* ipadPro167.png in Resources */ = {isa = PBXBuildFile; fileRef = 91AFFC6827B751A200E36674 /* ipadPro167.png */; };
		91AFFC8327B751A200E36674 /* ipad152.png in Resources */ = {isa = PBXBuildFile; fileRef = 91AFFC6927B751A200E36674 /* ipad152.png */; };
		91AFFC8427B751A200E36674 /* mac256.png in Resources */ = {isa = PBXBuildFile; fileRef = 91AFFC6A27B751A200E36674 /* mac256.png */; };
		91AFFC8527B751A200E36674 /* ipadSettings29.png in Resources */ = {isa = PBXBuildFile; fileRef = 91AFFC6B27B751A200E36674 /* ipadSettings29.png */; };
		91AFFC8627B751A200E36674 /* mac1024.png in Resources */ = {isa = PBXBuildFile; fileRef = 91AFFC6C27B751A200E36674 /* mac1024.png */; };
		91AFFC8727B751A200E36674 /* mac128.png in Resources */ = {isa = PBXBuildFile; fileRef = 91AFFC6D27B751A200E36674 /* mac128.png */; };
		91AFFC8827B751A200E36674 /* iphone120.png in Resources */ = {isa = PBXBuildFile; fileRef = 91AFFC6E27B751A200E36674 /* iphone120.png */; };
		91AFFC8927B751A200E36674 /* Contents.json in Resources */ = {isa = PBXBuildFile; fileRef = 91AFFC6F27B751A200E36674 /* Contents.json */; };
		91AFFC8A27B751A200E36674 /* ipadNotification20.png in Resources */ = {isa = PBXBuildFile; fileRef = 91AFFC7027B751A200E36674 /* ipadNotification20.png */; };
		91AFFC8B27B751A200E36674 /* mac512.png in Resources */ = {isa = PBXBuildFile; fileRef = 91AFFC7127B751A200E36674 /* mac512.png */; };
		91AFFC8C27B751A200E36674 /* ipadSpotlight40.png in Resources */ = {isa = PBXBuildFile; fileRef = 91AFFC7227B751A200E36674 /* ipadSpotlight40.png */; };
		91AFFC8D27B751A200E36674 /* mac32.png in Resources */ = {isa = PBXBuildFile; fileRef = 91AFFC7327B751A200E36674 /* mac32.png */; };
		91AFFC8E27B751A200E36674 /* notification60.png in Resources */ = {isa = PBXBuildFile; fileRef = 91AFFC7427B751A200E36674 /* notification60.png */; };
		91AFFC8F27B751A200E36674 /* ipadSpotlight80.png in Resources */ = {isa = PBXBuildFile; fileRef = 91AFFC7527B751A200E36674 /* ipadSpotlight80.png */; };
		91AFFC9027B751A200E36674 /* settings58.png in Resources */ = {isa = PBXBuildFile; fileRef = 91AFFC7627B751A200E36674 /* settings58.png */; };
		91AFFC9127B751A200E36674 /* iphone180.png in Resources */ = {isa = PBXBuildFile; fileRef = 91AFFC7727B751A200E36674 /* iphone180.png */; };
		91AFFC9227B751A200E36674 /* appstore1024.png in Resources */ = {isa = PBXBuildFile; fileRef = 91AFFC7827B751A200E36674 /* appstore1024.png */; };
		91AFFC9327B751A200E36674 /* ipadSettings58.png in Resources */ = {isa = PBXBuildFile; fileRef = 91AFFC7927B751A200E36674 /* ipadSettings58.png */; };
		91AFFC9427B751A200E36674 /* ipadNotification40.png in Resources */ = {isa = PBXBuildFile; fileRef = 91AFFC7A27B751A200E36674 /* ipadNotification40.png */; };
/* End PBXBuildFile section */

/* Begin PBXFileReference section */
		91AE984D27B2EF8C0030BF26 /* RequirementsAndSpecs.app */ = {isa = PBXFileReference; explicitFileType = wrapper.application; includeInIndex = 0; path = RequirementsAndSpecs.app; sourceTree = BUILT_PRODUCTS_DIR; };
		91AE985027B2EF8C0030BF26 /* RequirementsAndSpecsApp.swift */ = {isa = PBXFileReference; lastKnownFileType = sourcecode.swift; path = RequirementsAndSpecsApp.swift; sourceTree = "<group>"; };
		91AE985427B2EF8F0030BF26 /* Assets.xcassets */ = {isa = PBXFileReference; lastKnownFileType = folder.assetcatalog; path = Assets.xcassets; sourceTree = "<group>"; };
		91AE985727B2EF8F0030BF26 /* Preview Assets.xcassets */ = {isa = PBXFileReference; lastKnownFileType = folder.assetcatalog; path = "Preview Assets.xcassets"; sourceTree = "<group>"; };
		91AE986027B2F1120030BF26 /* RequirementListView.swift */ = {isa = PBXFileReference; fileEncoding = 4; lastKnownFileType = sourcecode.swift; path = RequirementListView.swift; sourceTree = "<group>"; };
		91AE986127B2F1120030BF26 /* RequirementDetailView.swift */ = {isa = PBXFileReference; fileEncoding = 4; lastKnownFileType = sourcecode.swift; path = RequirementDetailView.swift; sourceTree = "<group>"; };
		91AE986227B2F1120030BF26 /* AddRequirementView.swift */ = {isa = PBXFileReference; fileEncoding = 4; lastKnownFileType = sourcecode.swift; path = AddRequirementView.swift; sourceTree = "<group>"; };
		91AE986327B2F1120030BF26 /* AddCommentView.swift */ = {isa = PBXFileReference; fileEncoding = 4; lastKnownFileType = sourcecode.swift; path = AddCommentView.swift; sourceTree = "<group>"; };
		91AE986A27B2F13E0030BF26 /* Log.swift */ = {isa = PBXFileReference; fileEncoding = 4; lastKnownFileType = sourcecode.swift; path = Log.swift; sourceTree = "<group>"; };
		91AE986D27B2F1A80030BF26 /* Constants.swift */ = {isa = PBXFileReference; fileEncoding = 4; lastKnownFileType = sourcecode.swift; path = Constants.swift; sourceTree = "<group>"; };
		91AE987527B2F36E0030BF26 /* Extensions.swift */ = {isa = PBXFileReference; fileEncoding = 4; lastKnownFileType = sourcecode.swift; path = Extensions.swift; sourceTree = "<group>"; };
		91AE987627B2F36E0030BF26 /* View+Extensions.swift */ = {isa = PBXFileReference; fileEncoding = 4; lastKnownFileType = sourcecode.swift; path = "View+Extensions.swift"; sourceTree = "<group>"; };
		91AE987727B2F36E0030BF26 /* Date+Extensions.swift */ = {isa = PBXFileReference; fileEncoding = 4; lastKnownFileType = sourcecode.swift; path = "Date+Extensions.swift"; sourceTree = "<group>"; };
		91AE987B27B2F4140030BF26 /* RequirementListViewModel.swift */ = {isa = PBXFileReference; lastKnownFileType = sourcecode.swift; path = RequirementListViewModel.swift; sourceTree = "<group>"; };
		91AE987E27B2F46B0030BF26 /* RequirementDetailViewModel.swift */ = {isa = PBXFileReference; lastKnownFileType = sourcecode.swift; path = RequirementDetailViewModel.swift; sourceTree = "<group>"; };
		91AE988027B2F4870030BF26 /* RequirementViewModel.swift */ = {isa = PBXFileReference; lastKnownFileType = sourcecode.swift; path = RequirementViewModel.swift; sourceTree = "<group>"; };
		91AE988227B2F49F0030BF26 /* AddRequirementViewModel.swift */ = {isa = PBXFileReference; lastKnownFileType = sourcecode.swift; path = AddRequirementViewModel.swift; sourceTree = "<group>"; };
		91AE988427B2F4F50030BF26 /* AddCommentViewModel.swift */ = {isa = PBXFileReference; lastKnownFileType = sourcecode.swift; path = AddCommentViewModel.swift; sourceTree = "<group>"; };
		91AE988827B2F5230030BF26 /* CommentDetailViewModel.swift */ = {isa = PBXFileReference; lastKnownFileType = sourcecode.swift; path = CommentDetailViewModel.swift; sourceTree = "<group>"; };
		91AE988A27B2F5920030BF26 /* DatabaseManager.swift */ = {isa = PBXFileReference; lastKnownFileType = sourcecode.swift; path = DatabaseManager.swift; sourceTree = "<group>"; };
		91AE989527B2FC0D0030BF26 /* Requirement.swift */ = {isa = PBXFileReference; lastKnownFileType = sourcecode.swift; path = Requirement.swift; sourceTree = "<group>"; };
		91AE989727B2FC2F0030BF26 /* Comment.swift */ = {isa = PBXFileReference; lastKnownFileType = sourcecode.swift; path = Comment.swift; sourceTree = "<group>"; };
		91AE989A27B301A60030BF26 /* DatabaseErrorEnum.swift */ = {isa = PBXFileReference; fileEncoding = 4; lastKnownFileType = sourcecode.swift; path = DatabaseErrorEnum.swift; sourceTree = "<group>"; };
		91AFFC5427B352FF00E36674 /* RequirementCell.swift */ = {isa = PBXFileReference; lastKnownFileType = sourcecode.swift; path = RequirementCell.swift; sourceTree = "<group>"; };
		91AFFC5627B4676D00E36674 /* User.swift */ = {isa = PBXFileReference; lastKnownFileType = sourcecode.swift; path = User.swift; sourceTree = "<group>"; };
		91AFFC5827B4683300E36674 /* UserGroup.swift */ = {isa = PBXFileReference; lastKnownFileType = sourcecode.swift; path = UserGroup.swift; sourceTree = "<group>"; };
		91AFFC5A27B469AC00E36674 /* Test.swift */ = {isa = PBXFileReference; lastKnownFileType = sourcecode.swift; path = Test.swift; sourceTree = "<group>"; };
		91AFFC5C27B46A9100E36674 /* Defect.swift */ = {isa = PBXFileReference; lastKnownFileType = sourcecode.swift; path = Defect.swift; sourceTree = "<group>"; };
		91AFFC5E27B46C1E00E36674 /* Role.swift */ = {isa = PBXFileReference; lastKnownFileType = sourcecode.swift; path = Role.swift; sourceTree = "<group>"; };
		91AFFC6127B751A200E36674 /* spotlight120.png */ = {isa = PBXFileReference; lastKnownFileType = image.png; path = spotlight120.png; sourceTree = "<group>"; };
		91AFFC6227B751A200E36674 /* ipad76.png */ = {isa = PBXFileReference; lastKnownFileType = image.png; path = ipad76.png; sourceTree = "<group>"; };
		91AFFC6327B751A200E36674 /* notification40.png */ = {isa = PBXFileReference; lastKnownFileType = image.png; path = notification40.png; sourceTree = "<group>"; };
		91AFFC6427B751A200E36674 /* settings87.png */ = {isa = PBXFileReference; lastKnownFileType = image.png; path = settings87.png; sourceTree = "<group>"; };
		91AFFC6527B751A200E36674 /* spotlight80.png */ = {isa = PBXFileReference; lastKnownFileType = image.png; path = spotlight80.png; sourceTree = "<group>"; };
		91AFFC6627B751A200E36674 /* mac16.png */ = {isa = PBXFileReference; lastKnownFileType = image.png; path = mac16.png; sourceTree = "<group>"; };
		91AFFC6727B751A200E36674 /* mac64.png */ = {isa = PBXFileReference; lastKnownFileType = image.png; path = mac64.png; sourceTree = "<group>"; };
		91AFFC6827B751A200E36674 /* ipadPro167.png */ = {isa = PBXFileReference; lastKnownFileType = image.png; path = ipadPro167.png; sourceTree = "<group>"; };
		91AFFC6927B751A200E36674 /* ipad152.png */ = {isa = PBXFileReference; lastKnownFileType = image.png; path = ipad152.png; sourceTree = "<group>"; };
		91AFFC6A27B751A200E36674 /* mac256.png */ = {isa = PBXFileReference; lastKnownFileType = image.png; path = mac256.png; sourceTree = "<group>"; };
		91AFFC6B27B751A200E36674 /* ipadSettings29.png */ = {isa = PBXFileReference; lastKnownFileType = image.png; path = ipadSettings29.png; sourceTree = "<group>"; };
		91AFFC6C27B751A200E36674 /* mac1024.png */ = {isa = PBXFileReference; lastKnownFileType = image.png; path = mac1024.png; sourceTree = "<group>"; };
		91AFFC6D27B751A200E36674 /* mac128.png */ = {isa = PBXFileReference; lastKnownFileType = image.png; path = mac128.png; sourceTree = "<group>"; };
		91AFFC6E27B751A200E36674 /* iphone120.png */ = {isa = PBXFileReference; lastKnownFileType = image.png; path = iphone120.png; sourceTree = "<group>"; };
		91AFFC6F27B751A200E36674 /* Contents.json */ = {isa = PBXFileReference; fileEncoding = 4; lastKnownFileType = text.json; path = Contents.json; sourceTree = "<group>"; };
		91AFFC7027B751A200E36674 /* ipadNotification20.png */ = {isa = PBXFileReference; lastKnownFileType = image.png; path = ipadNotification20.png; sourceTree = "<group>"; };
		91AFFC7127B751A200E36674 /* mac512.png */ = {isa = PBXFileReference; lastKnownFileType = image.png; path = mac512.png; sourceTree = "<group>"; };
		91AFFC7227B751A200E36674 /* ipadSpotlight40.png */ = {isa = PBXFileReference; lastKnownFileType = image.png; path = ipadSpotlight40.png; sourceTree = "<group>"; };
		91AFFC7327B751A200E36674 /* mac32.png */ = {isa = PBXFileReference; lastKnownFileType = image.png; path = mac32.png; sourceTree = "<group>"; };
		91AFFC7427B751A200E36674 /* notification60.png */ = {isa = PBXFileReference; lastKnownFileType = image.png; path = notification60.png; sourceTree = "<group>"; };
		91AFFC7527B751A200E36674 /* ipadSpotlight80.png */ = {isa = PBXFileReference; lastKnownFileType = image.png; path = ipadSpotlight80.png; sourceTree = "<group>"; };
		91AFFC7627B751A200E36674 /* settings58.png */ = {isa = PBXFileReference; lastKnownFileType = image.png; path = settings58.png; sourceTree = "<group>"; };
		91AFFC7727B751A200E36674 /* iphone180.png */ = {isa = PBXFileReference; lastKnownFileType = image.png; path = iphone180.png; sourceTree = "<group>"; };
		91AFFC7827B751A200E36674 /* appstore1024.png */ = {isa = PBXFileReference; lastKnownFileType = image.png; path = appstore1024.png; sourceTree = "<group>"; };
		91AFFC7927B751A200E36674 /* ipadSettings58.png */ = {isa = PBXFileReference; lastKnownFileType = image.png; path = ipadSettings58.png; sourceTree = "<group>"; };
		91AFFC7A27B751A200E36674 /* ipadNotification40.png */ = {isa = PBXFileReference; lastKnownFileType = image.png; path = ipadNotification40.png; sourceTree = "<group>"; };
		91AFFC9727B835F600E36674 /* Info.plist */ = {isa = PBXFileReference; lastKnownFileType = text.plist; path = Info.plist; sourceTree = "<group>"; };
/* End PBXFileReference section */

/* Begin PBXFrameworksBuildPhase section */
		91AE984A27B2EF8C0030BF26 /* Frameworks */ = {
			isa = PBXFrameworksBuildPhase;
			buildActionMask = 2147483647;
			files = (
				9144A43927B31CCE00AF87A5 /* RealmSwift in Frameworks */,
				9144A43727B31CCE00AF87A5 /* Realm in Frameworks */,
			);
			runOnlyForDeploymentPostprocessing = 0;
		};
/* End PBXFrameworksBuildPhase section */

/* Begin PBXGroup section */
		91AE984427B2EF8C0030BF26 = {
			isa = PBXGroup;
			children = (
				91AE984F27B2EF8C0030BF26 /* RequirementsAndSpecs */,
				91AE984E27B2EF8C0030BF26 /* Products */,
			);
			sourceTree = "<group>";
		};
		91AE984E27B2EF8C0030BF26 /* Products */ = {
			isa = PBXGroup;
			children = (
				91AE984D27B2EF8C0030BF26 /* RequirementsAndSpecs.app */,
			);
			name = Products;
			sourceTree = "<group>";
		};
		91AE984F27B2EF8C0030BF26 /* RequirementsAndSpecs */ = {
			isa = PBXGroup;
			children = (
				91AFFC9727B835F600E36674 /* Info.plist */,
				91AE985027B2EF8C0030BF26 /* RequirementsAndSpecsApp.swift */,
				91AE986D27B2F1A80030BF26 /* Constants.swift */,
				91AE989927B301A60030BF26 /* ErrorEnums */,
				91AE989427B2FBCC0030BF26 /* DatabaseModels */,
				91AE988C27B2F5EE0030BF26 /* Managers */,
				91AE987D27B2F4410030BF26 /* ViewModels */,
				91AE987427B2F36E0030BF26 /* Extensions */,
				91AE986C27B2F1450030BF26 /* Logs */,
				91AE985F27B2F1120030BF26 /* Views */,
				91AE985427B2EF8F0030BF26 /* Assets.xcassets */,
				91AFFC6027B751A200E36674 /* AppIcon.appiconset */,
				91AE985627B2EF8F0030BF26 /* Preview Content */,
			);
			path = RequirementsAndSpecs;
			sourceTree = "<group>";
		};
		91AE985627B2EF8F0030BF26 /* Preview Content */ = {
			isa = PBXGroup;
			children = (
				91AE985727B2EF8F0030BF26 /* Preview Assets.xcassets */,
			);
			path = "Preview Content";
			sourceTree = "<group>";
		};
		91AE985F27B2F1120030BF26 /* Views */ = {
			isa = PBXGroup;
			children = (
				91AE986027B2F1120030BF26 /* RequirementListView.swift */,
				91AFFC5427B352FF00E36674 /* RequirementCell.swift */,
				91AE986127B2F1120030BF26 /* RequirementDetailView.swift */,
				91AE986227B2F1120030BF26 /* AddRequirementView.swift */,
				91AE986327B2F1120030BF26 /* AddCommentView.swift */,
			);
			path = Views;
			sourceTree = "<group>";
		};
		91AE986C27B2F1450030BF26 /* Logs */ = {
			isa = PBXGroup;
			children = (
				91AE986A27B2F13E0030BF26 /* Log.swift */,
			);
			path = Logs;
			sourceTree = "<group>";
		};
		91AE987427B2F36E0030BF26 /* Extensions */ = {
			isa = PBXGroup;
			children = (
				91AE987527B2F36E0030BF26 /* Extensions.swift */,
				91AE987627B2F36E0030BF26 /* View+Extensions.swift */,
				91AE987727B2F36E0030BF26 /* Date+Extensions.swift */,
			);
			path = Extensions;
			sourceTree = "<group>";
		};
		91AE987D27B2F4410030BF26 /* ViewModels */ = {
			isa = PBXGroup;
			children = (
				91AE987B27B2F4140030BF26 /* RequirementListViewModel.swift */,
				91AE987E27B2F46B0030BF26 /* RequirementDetailViewModel.swift */,
				91AE988027B2F4870030BF26 /* RequirementViewModel.swift */,
				91AE988227B2F49F0030BF26 /* AddRequirementViewModel.swift */,
				91AE988427B2F4F50030BF26 /* AddCommentViewModel.swift */,
				91AE988827B2F5230030BF26 /* CommentDetailViewModel.swift */,
			);
			path = ViewModels;
			sourceTree = "<group>";
		};
		91AE988C27B2F5EE0030BF26 /* Managers */ = {
			isa = PBXGroup;
			children = (
				91AE988A27B2F5920030BF26 /* DatabaseManager.swift */,
			);
			path = Managers;
			sourceTree = "<group>";
		};
		91AE989427B2FBCC0030BF26 /* DatabaseModels */ = {
			isa = PBXGroup;
			children = (
				91AE989527B2FC0D0030BF26 /* Requirement.swift */,
				91AFFC5627B4676D00E36674 /* User.swift */,
				91AFFC5E27B46C1E00E36674 /* Role.swift */,
				91AFFC5827B4683300E36674 /* UserGroup.swift */,
				91AFFC5A27B469AC00E36674 /* Test.swift */,
				91AFFC5C27B46A9100E36674 /* Defect.swift */,
				91AE989727B2FC2F0030BF26 /* Comment.swift */,
			);
			path = DatabaseModels;
			sourceTree = "<group>";
		};
		91AE989927B301A60030BF26 /* ErrorEnums */ = {
			isa = PBXGroup;
			children = (
				91AE989A27B301A60030BF26 /* DatabaseErrorEnum.swift */,
			);
			path = ErrorEnums;
			sourceTree = "<group>";
		};
		91AFFC6027B751A200E36674 /* AppIcon.appiconset */ = {
			isa = PBXGroup;
			children = (
				91AFFC6127B751A200E36674 /* spotlight120.png */,
				91AFFC6227B751A200E36674 /* ipad76.png */,
				91AFFC6327B751A200E36674 /* notification40.png */,
				91AFFC6427B751A200E36674 /* settings87.png */,
				91AFFC6527B751A200E36674 /* spotlight80.png */,
				91AFFC6627B751A200E36674 /* mac16.png */,
				91AFFC6727B751A200E36674 /* mac64.png */,
				91AFFC6827B751A200E36674 /* ipadPro167.png */,
				91AFFC6927B751A200E36674 /* ipad152.png */,
				91AFFC6A27B751A200E36674 /* mac256.png */,
				91AFFC6B27B751A200E36674 /* ipadSettings29.png */,
				91AFFC6C27B751A200E36674 /* mac1024.png */,
				91AFFC6D27B751A200E36674 /* mac128.png */,
				91AFFC6E27B751A200E36674 /* iphone120.png */,
				91AFFC6F27B751A200E36674 /* Contents.json */,
				91AFFC7027B751A200E36674 /* ipadNotification20.png */,
				91AFFC7127B751A200E36674 /* mac512.png */,
				91AFFC7227B751A200E36674 /* ipadSpotlight40.png */,
				91AFFC7327B751A200E36674 /* mac32.png */,
				91AFFC7427B751A200E36674 /* notification60.png */,
				91AFFC7527B751A200E36674 /* ipadSpotlight80.png */,
				91AFFC7627B751A200E36674 /* settings58.png */,
				91AFFC7727B751A200E36674 /* iphone180.png */,
				91AFFC7827B751A200E36674 /* appstore1024.png */,
				91AFFC7927B751A200E36674 /* ipadSettings58.png */,
				91AFFC7A27B751A200E36674 /* ipadNotification40.png */,
			);
			path = AppIcon.appiconset;
			sourceTree = "<group>";
		};
/* End PBXGroup section */

/* Begin PBXNativeTarget section */
		91AE984C27B2EF8C0030BF26 /* RequirementsAndSpecs */ = {
			isa = PBXNativeTarget;
			buildConfigurationList = 91AE985B27B2EF8F0030BF26 /* Build configuration list for PBXNativeTarget "RequirementsAndSpecs" */;
			buildPhases = (
				91AE984927B2EF8C0030BF26 /* Sources */,
				91AE984A27B2EF8C0030BF26 /* Frameworks */,
				91AE984B27B2EF8C0030BF26 /* Resources */,
			);
			buildRules = (
			);
			dependencies = (
			);
			name = RequirementsAndSpecs;
			packageProductDependencies = (
				9144A43627B31CCE00AF87A5 /* Realm */,
				9144A43827B31CCE00AF87A5 /* RealmSwift */,
			);
			productName = RequirementsAndSpecs;
			productReference = 91AE984D27B2EF8C0030BF26 /* RequirementsAndSpecs.app */;
			productType = "com.apple.product-type.application";
		};
/* End PBXNativeTarget section */

/* Begin PBXProject section */
		91AE984527B2EF8C0030BF26 /* Project object */ = {
			isa = PBXProject;
			attributes = {
				BuildIndependentTargetsInParallel = 1;
				LastSwiftUpdateCheck = 1330;
				LastUpgradeCheck = 1330;
				TargetAttributes = {
					91AE984C27B2EF8C0030BF26 = {
						CreatedOnToolsVersion = 13.3;
					};
				};
			};
			buildConfigurationList = 91AE984827B2EF8C0030BF26 /* Build configuration list for PBXProject "RequirementsAndSpecs" */;
			compatibilityVersion = "Xcode 13.0";
			developmentRegion = en;
			hasScannedForEncodings = 0;
			knownRegions = (
				en,
				Base,
			);
			mainGroup = 91AE984427B2EF8C0030BF26;
			packageReferences = (
				9144A43527B31CCE00AF87A5 /* XCRemoteSwiftPackageReference "realm-swift" */,
			);
			productRefGroup = 91AE984E27B2EF8C0030BF26 /* Products */;
			projectDirPath = "";
			projectRoot = "";
			targets = (
				91AE984C27B2EF8C0030BF26 /* RequirementsAndSpecs */,
			);
		};
/* End PBXProject section */

/* Begin PBXResourcesBuildPhase section */
		91AE984B27B2EF8C0030BF26 /* Resources */ = {
			isa = PBXResourcesBuildPhase;
			buildActionMask = 2147483647;
			files = (
				91AFFC9327B751A200E36674 /* ipadSettings58.png in Resources */,
				91AFFC8127B751A200E36674 /* mac64.png in Resources */,
				91AFFC8327B751A200E36674 /* ipad152.png in Resources */,
				91AFFC8927B751A200E36674 /* Contents.json in Resources */,
				91AFFC7C27B751A200E36674 /* ipad76.png in Resources */,
				91AFFC8E27B751A200E36674 /* notification60.png in Resources */,
				91AFFC8F27B751A200E36674 /* ipadSpotlight80.png in Resources */,
				91AFFC8427B751A200E36674 /* mac256.png in Resources */,
				91AFFC7E27B751A200E36674 /* settings87.png in Resources */,
				91AFFC8D27B751A200E36674 /* mac32.png in Resources */,
				91AFFC8A27B751A200E36674 /* ipadNotification20.png in Resources */,
				91AFFC7D27B751A200E36674 /* notification40.png in Resources */,
				91AFFC8827B751A200E36674 /* iphone120.png in Resources */,
				91AFFC9227B751A200E36674 /* appstore1024.png in Resources */,
				91AFFC8B27B751A200E36674 /* mac512.png in Resources */,
				91AFFC8C27B751A200E36674 /* ipadSpotlight40.png in Resources */,
				91AFFC8627B751A200E36674 /* mac1024.png in Resources */,
				91AFFC9027B751A200E36674 /* settings58.png in Resources */,
				91AFFC8727B751A200E36674 /* mac128.png in Resources */,
				91AFFC7F27B751A200E36674 /* spotlight80.png in Resources */,
				91AFFC8027B751A200E36674 /* mac16.png in Resources */,
				91AE985827B2EF8F0030BF26 /* Preview Assets.xcassets in Resources */,
				91AFFC9427B751A200E36674 /* ipadNotification40.png in Resources */,
				91AE985527B2EF8F0030BF26 /* Assets.xcassets in Resources */,
				91AFFC8227B751A200E36674 /* ipadPro167.png in Resources */,
				91AFFC9127B751A200E36674 /* iphone180.png in Resources */,
				91AFFC7B27B751A200E36674 /* spotlight120.png in Resources */,
				91AFFC8527B751A200E36674 /* ipadSettings29.png in Resources */,
			);
			runOnlyForDeploymentPostprocessing = 0;
		};
/* End PBXResourcesBuildPhase section */

/* Begin PBXSourcesBuildPhase section */
		91AE984927B2EF8C0030BF26 /* Sources */ = {
			isa = PBXSourcesBuildPhase;
			buildActionMask = 2147483647;
			files = (
				91AE988927B2F5230030BF26 /* CommentDetailViewModel.swift in Sources */,
				91AE986727B2F1120030BF26 /* AddRequirementView.swift in Sources */,
				91AE988327B2F49F0030BF26 /* AddRequirementViewModel.swift in Sources */,
				91AE987A27B2F36E0030BF26 /* Date+Extensions.swift in Sources */,
				91AE987C27B2F4140030BF26 /* RequirementListViewModel.swift in Sources */,
				91AFFC5D27B46A9100E36674 /* Defect.swift in Sources */,
				91AFFC5B27B469AC00E36674 /* Test.swift in Sources */,
				91AFFC5527B352FF00E36674 /* RequirementCell.swift in Sources */,
				91AE989627B2FC0D0030BF26 /* Requirement.swift in Sources */,
				91AE987827B2F36E0030BF26 /* Extensions.swift in Sources */,
				91AE989827B2FC2F0030BF26 /* Comment.swift in Sources */,
				91AE988127B2F4870030BF26 /* RequirementViewModel.swift in Sources */,
				91AFFC5727B4676D00E36674 /* User.swift in Sources */,
				91AE986B27B2F13E0030BF26 /* Log.swift in Sources */,
				91AE986627B2F1120030BF26 /* RequirementDetailView.swift in Sources */,
				91AE986827B2F1120030BF26 /* AddCommentView.swift in Sources */,
				91AE986527B2F1120030BF26 /* RequirementListView.swift in Sources */,
				91AE985127B2EF8C0030BF26 /* RequirementsAndSpecsApp.swift in Sources */,
				91AE988B27B2F5920030BF26 /* DatabaseManager.swift in Sources */,
				91AE988527B2F4F50030BF26 /* AddCommentViewModel.swift in Sources */,
				91AE989C27B301A60030BF26 /* DatabaseErrorEnum.swift in Sources */,
				91AFFC5927B4683300E36674 /* UserGroup.swift in Sources */,
				91AE987927B2F36E0030BF26 /* View+Extensions.swift in Sources */,
				91AFFC5F27B46C1E00E36674 /* Role.swift in Sources */,
				91AE987F27B2F46B0030BF26 /* RequirementDetailViewModel.swift in Sources */,
				91AE986E27B2F1A80030BF26 /* Constants.swift in Sources */,
			);
			runOnlyForDeploymentPostprocessing = 0;
		};
/* End PBXSourcesBuildPhase section */

/* Begin XCBuildConfiguration section */
		91AE985927B2EF8F0030BF26 /* Debug */ = {
			isa = XCBuildConfiguration;
			buildSettings = {
				ALWAYS_SEARCH_USER_PATHS = NO;
				CLANG_ANALYZER_NONNULL = YES;
				CLANG_ANALYZER_NUMBER_OBJECT_CONVERSION = YES_AGGRESSIVE;
				CLANG_CXX_LANGUAGE_STANDARD = "gnu++17";
				CLANG_ENABLE_MODULES = YES;
				CLANG_ENABLE_OBJC_ARC = YES;
				CLANG_ENABLE_OBJC_WEAK = YES;
				CLANG_WARN_BLOCK_CAPTURE_AUTORELEASING = YES;
				CLANG_WARN_BOOL_CONVERSION = YES;
				CLANG_WARN_COMMA = YES;
				CLANG_WARN_CONSTANT_CONVERSION = YES;
				CLANG_WARN_DEPRECATED_OBJC_IMPLEMENTATIONS = YES;
				CLANG_WARN_DIRECT_OBJC_ISA_USAGE = YES_ERROR;
				CLANG_WARN_DOCUMENTATION_COMMENTS = YES;
				CLANG_WARN_EMPTY_BODY = YES;
				CLANG_WARN_ENUM_CONVERSION = YES;
				CLANG_WARN_INFINITE_RECURSION = YES;
				CLANG_WARN_INT_CONVERSION = YES;
				CLANG_WARN_NON_LITERAL_NULL_CONVERSION = YES;
				CLANG_WARN_OBJC_IMPLICIT_RETAIN_SELF = YES;
				CLANG_WARN_OBJC_LITERAL_CONVERSION = YES;
				CLANG_WARN_OBJC_ROOT_CLASS = YES_ERROR;
				CLANG_WARN_QUOTED_INCLUDE_IN_FRAMEWORK_HEADER = YES;
				CLANG_WARN_RANGE_LOOP_ANALYSIS = YES;
				CLANG_WARN_STRICT_PROTOTYPES = YES;
				CLANG_WARN_SUSPICIOUS_MOVE = YES;
				CLANG_WARN_UNGUARDED_AVAILABILITY = YES_AGGRESSIVE;
				CLANG_WARN_UNREACHABLE_CODE = YES;
				CLANG_WARN__DUPLICATE_METHOD_MATCH = YES;
				COPY_PHASE_STRIP = NO;
				DEBUG_INFORMATION_FORMAT = dwarf;
				ENABLE_STRICT_OBJC_MSGSEND = YES;
				ENABLE_TESTABILITY = YES;
				GCC_C_LANGUAGE_STANDARD = gnu11;
				GCC_DYNAMIC_NO_PIC = NO;
				GCC_NO_COMMON_BLOCKS = YES;
				GCC_OPTIMIZATION_LEVEL = 0;
				GCC_PREPROCESSOR_DEFINITIONS = (
					"DEBUG=1",
					"$(inherited)",
				);
				GCC_WARN_64_TO_32_BIT_CONVERSION = YES;
				GCC_WARN_ABOUT_RETURN_TYPE = YES_ERROR;
				GCC_WARN_UNDECLARED_SELECTOR = YES;
				GCC_WARN_UNINITIALIZED_AUTOS = YES_AGGRESSIVE;
				GCC_WARN_UNUSED_FUNCTION = YES;
				GCC_WARN_UNUSED_VARIABLE = YES;
				IPHONEOS_DEPLOYMENT_TARGET = 15.2;
				MTL_ENABLE_DEBUG_INFO = INCLUDE_SOURCE;
				MTL_FAST_MATH = YES;
				ONLY_ACTIVE_ARCH = YES;
				SDKROOT = iphoneos;
				SWIFT_ACTIVE_COMPILATION_CONDITIONS = DEBUG;
				SWIFT_OPTIMIZATION_LEVEL = "-Onone";
			};
			name = Debug;
		};
		91AE985A27B2EF8F0030BF26 /* Release */ = {
			isa = XCBuildConfiguration;
			buildSettings = {
				ALWAYS_SEARCH_USER_PATHS = NO;
				CLANG_ANALYZER_NONNULL = YES;
				CLANG_ANALYZER_NUMBER_OBJECT_CONVERSION = YES_AGGRESSIVE;
				CLANG_CXX_LANGUAGE_STANDARD = "gnu++17";
				CLANG_ENABLE_MODULES = YES;
				CLANG_ENABLE_OBJC_ARC = YES;
				CLANG_ENABLE_OBJC_WEAK = YES;
				CLANG_WARN_BLOCK_CAPTURE_AUTORELEASING = YES;
				CLANG_WARN_BOOL_CONVERSION = YES;
				CLANG_WARN_COMMA = YES;
				CLANG_WARN_CONSTANT_CONVERSION = YES;
				CLANG_WARN_DEPRECATED_OBJC_IMPLEMENTATIONS = YES;
				CLANG_WARN_DIRECT_OBJC_ISA_USAGE = YES_ERROR;
				CLANG_WARN_DOCUMENTATION_COMMENTS = YES;
				CLANG_WARN_EMPTY_BODY = YES;
				CLANG_WARN_ENUM_CONVERSION = YES;
				CLANG_WARN_INFINITE_RECURSION = YES;
				CLANG_WARN_INT_CONVERSION = YES;
				CLANG_WARN_NON_LITERAL_NULL_CONVERSION = YES;
				CLANG_WARN_OBJC_IMPLICIT_RETAIN_SELF = YES;
				CLANG_WARN_OBJC_LITERAL_CONVERSION = YES;
				CLANG_WARN_OBJC_ROOT_CLASS = YES_ERROR;
				CLANG_WARN_QUOTED_INCLUDE_IN_FRAMEWORK_HEADER = YES;
				CLANG_WARN_RANGE_LOOP_ANALYSIS = YES;
				CLANG_WARN_STRICT_PROTOTYPES = YES;
				CLANG_WARN_SUSPICIOUS_MOVE = YES;
				CLANG_WARN_UNGUARDED_AVAILABILITY = YES_AGGRESSIVE;
				CLANG_WARN_UNREACHABLE_CODE = YES;
				CLANG_WARN__DUPLICATE_METHOD_MATCH = YES;
				COPY_PHASE_STRIP = NO;
				DEBUG_INFORMATION_FORMAT = "dwarf-with-dsym";
				ENABLE_NS_ASSERTIONS = NO;
				ENABLE_STRICT_OBJC_MSGSEND = YES;
				GCC_C_LANGUAGE_STANDARD = gnu11;
				GCC_NO_COMMON_BLOCKS = YES;
				GCC_WARN_64_TO_32_BIT_CONVERSION = YES;
				GCC_WARN_ABOUT_RETURN_TYPE = YES_ERROR;
				GCC_WARN_UNDECLARED_SELECTOR = YES;
				GCC_WARN_UNINITIALIZED_AUTOS = YES_AGGRESSIVE;
				GCC_WARN_UNUSED_FUNCTION = YES;
				GCC_WARN_UNUSED_VARIABLE = YES;
				IPHONEOS_DEPLOYMENT_TARGET = 15.2;
				MTL_ENABLE_DEBUG_INFO = NO;
				MTL_FAST_MATH = YES;
				SDKROOT = iphoneos;
				SWIFT_COMPILATION_MODE = wholemodule;
				SWIFT_OPTIMIZATION_LEVEL = "-O";
				VALIDATE_PRODUCT = YES;
			};
			name = Release;
		};
		91AE985C27B2EF8F0030BF26 /* Debug */ = {
			isa = XCBuildConfiguration;
			buildSettings = {
				ASSETCATALOG_COMPILER_APPICON_NAME = AppIcon;
				ASSETCATALOG_COMPILER_GLOBAL_ACCENT_COLOR_NAME = AccentColor;
				CODE_SIGN_STYLE = Automatic;
				CURRENT_PROJECT_VERSION = 1;
				DEVELOPMENT_ASSET_PATHS = "\"RequirementsAndSpecs/Preview Content\"";
				DEVELOPMENT_TEAM = C37927XKUL;
				ENABLE_PREVIEWS = YES;
				GENERATE_INFOPLIST_FILE = YES;
				INFOPLIST_FILE = RequirementsAndSpecs/Info.plist;
				INFOPLIST_KEY_LSApplicationCategoryType = "";
				INFOPLIST_KEY_UIApplicationSceneManifest_Generation = YES;
				INFOPLIST_KEY_UIApplicationSupportsIndirectInputEvents = YES;
				INFOPLIST_KEY_UILaunchStoryboardName = LaunchScreen;
				INFOPLIST_KEY_UISupportedInterfaceOrientations_iPad = "UIInterfaceOrientationPortrait UIInterfaceOrientationPortraitUpsideDown UIInterfaceOrientationLandscapeLeft UIInterfaceOrientationLandscapeRight";
				INFOPLIST_KEY_UISupportedInterfaceOrientations_iPhone = "UIInterfaceOrientationPortrait UIInterfaceOrientationLandscapeLeft UIInterfaceOrientationLandscapeRight";
				LD_RUNPATH_SEARCH_PATHS = (
					"$(inherited)",
					"@executable_path/Frameworks",
				);
				MARKETING_VERSION = 1.0;
				PRODUCT_BUNDLE_IDENTIFIER = com.larryburris.RequirementsAndSpecs;
				PRODUCT_NAME = "$(TARGET_NAME)";
				SWIFT_EMIT_LOC_STRINGS = YES;
				SWIFT_VERSION = 5.0;
				TARGETED_DEVICE_FAMILY = "1,2";
			};
			name = Debug;
		};
		91AE985D27B2EF8F0030BF26 /* Release */ = {
			isa = XCBuildConfiguration;
			buildSettings = {
				ASSETCATALOG_COMPILER_APPICON_NAME = AppIcon;
				ASSETCATALOG_COMPILER_GLOBAL_ACCENT_COLOR_NAME = AccentColor;
				CODE_SIGN_STYLE = Automatic;
				CURRENT_PROJECT_VERSION = 1;
				DEVELOPMENT_ASSET_PATHS = "\"RequirementsAndSpecs/Preview Content\"";
				DEVELOPMENT_TEAM = C37927XKUL;
				ENABLE_PREVIEWS = YES;
				GENERATE_INFOPLIST_FILE = YES;
				INFOPLIST_FILE = RequirementsAndSpecs/Info.plist;
				INFOPLIST_KEY_LSApplicationCategoryType = "";
				INFOPLIST_KEY_UIApplicationSceneManifest_Generation = YES;
				INFOPLIST_KEY_UIApplicationSupportsIndirectInputEvents = YES;
				INFOPLIST_KEY_UILaunchStoryboardName = LaunchScreen;
				INFOPLIST_KEY_UISupportedInterfaceOrientations_iPad = "UIInterfaceOrientationPortrait UIInterfaceOrientationPortraitUpsideDown UIInterfaceOrientationLandscapeLeft UIInterfaceOrientationLandscapeRight";
				INFOPLIST_KEY_UISupportedInterfaceOrientations_iPhone = "UIInterfaceOrientationPortrait UIInterfaceOrientationLandscapeLeft UIInterfaceOrientationLandscapeRight";
				LD_RUNPATH_SEARCH_PATHS = (
					"$(inherited)",
					"@executable_path/Frameworks",
				);
				MARKETING_VERSION = 1.0;
				PRODUCT_BUNDLE_IDENTIFIER = com.larryburris.RequirementsAndSpecs;
				PRODUCT_NAME = "$(TARGET_NAME)";
				SWIFT_EMIT_LOC_STRINGS = YES;
				SWIFT_VERSION = 5.0;
				TARGETED_DEVICE_FAMILY = "1,2";
			};
			name = Release;
		};
/* End XCBuildConfiguration section */

/* Begin XCConfigurationList section */
		91AE984827B2EF8C0030BF26 /* Build configuration list for PBXProject "RequirementsAndSpecs" */ = {
			isa = XCConfigurationList;
			buildConfigurations = (
				91AE985927B2EF8F0030BF26 /* Debug */,
				91AE985A27B2EF8F0030BF26 /* Release */,
			);
			defaultConfigurationIsVisible = 0;
			defaultConfigurationName = Release;
		};
		91AE985B27B2EF8F0030BF26 /* Build configuration list for PBXNativeTarget "RequirementsAndSpecs" */ = {
			isa = XCConfigurationList;
			buildConfigurations = (
				91AE985C27B2EF8F0030BF26 /* Debug */,
				91AE985D27B2EF8F0030BF26 /* Release */,
			);
			defaultConfigurationIsVisible = 0;
			defaultConfigurationName = Release;
		};
/* End XCConfigurationList section */

/* Begin XCRemoteSwiftPackageReference section */
		9144A43527B31CCE00AF87A5 /* XCRemoteSwiftPackageReference "realm-swift" */ = {
			isa = XCRemoteSwiftPackageReference;
			repositoryURL = "https://github.com/realm/realm-swift.git";
			requirement = {
				branch = master;
				kind = branch;
			};
		};
/* End XCRemoteSwiftPackageReference section */

/* Begin XCSwiftPackageProductDependency section */
		9144A43627B31CCE00AF87A5 /* Realm */ = {
			isa = XCSwiftPackageProductDependency;
			package = 9144A43527B31CCE00AF87A5 /* XCRemoteSwiftPackageReference "realm-swift" */;
			productName = Realm;
		};
		9144A43827B31CCE00AF87A5 /* RealmSwift */ = {
			isa = XCSwiftPackageProductDependency;
			package = 9144A43527B31CCE00AF87A5 /* XCRemoteSwiftPackageReference "realm-swift" */;
			productName = RealmSwift;
		};
/* End XCSwiftPackageProductDependency section */
	};
	rootObject = 91AE984527B2EF8C0030BF26 /* Project object */;
}
